PODS:
  - Alamofire (5.6.4)
  - Bond (7.8.1):
    - Differ (~> 1.4)
    - ReactiveKit (~> 3.14)
  - Differ (1.4.5)
  - Moya (15.0.0):
    - Moya/Core (= 15.0.0)
  - Moya/Core (15.0.0):
    - Alamofire (~> 5.0)
  - ReactiveKit (3.19.1)

DEPENDENCIES:
  - Bond
  - Moya

SPEC REPOS:
  trunk:
    - Alamofire
    - Bond
    - Differ
    - Moya
    - ReactiveKit

SPEC CHECKSUMS:
  Alamofire: 4e95d97098eacb88856099c4fc79b526a299e48c
  Bond: 87075c7f20f37ea3e73dc7057fce839787bf46eb
  Differ: 3b6bd78e2b20cc795d9a86f7641d087524e4273e
  Moya: 138f0573e53411fb3dc17016add0b748dfbd78ee
  ReactiveKit: a36ebeb959fe6852dd674cc423163bfffb7e0541

PODFILE CHECKSUM: aa17e9be8345d6fea456dbb0a98b12ccd655e38e

COCOAPODS: 1.11.3
